
Microsoft Visual Studio Solution File, Format Version 11.00
# Visual Studio 2010
Project("{FAE04EC0-301F-11D3-BF4B-00C04F79EFBC}") = "Assembly-CSharp", "Assembly-CSharp.csproj", "{a7789859-30d0-458d-c4ff-32dc008377fc}"
EndProject
Project("{FAE04EC0-301F-11D3-BF4B-00C04F79EFBC}") = "Assembly-CSharp-Editor", "Assembly-CSharp-Editor.csproj", "{7c7d50cf-26e8-fec0-e065-dcdba01da6ae}"
EndProject
Global
	GlobalSection(SolutionConfigurationPlatforms) = preSolution
		Debug|Any CPU = Debug|Any CPU
	EndGlobalSection
	GlobalSection(ProjectConfigurationPlatforms) = postSolution
		{a7789859-30d0-458d-c4ff-32dc008377fc}.Debug|Any CPU.ActiveCfg = Debug|Any CPU
		{a7789859-30d0-458d-c4ff-32dc008377fc}.Debug|Any CPU.Build.0 = Debug|Any CPU
		{7c7d50cf-26e8-fec0-e065-dcdba01da6ae}.Debug|Any CPU.ActiveCfg = Debug|Any CPU
		{7c7d50cf-26e8-fec0-e065-dcdba01da6ae}.Debug|Any CPU.Build.0 = Debug|Any CPU
	EndGlobalSection
	GlobalSection(SolutionProperties) = preSolution
		HideSolutionNode = FALSE
	EndGlobalSection
EndGlobal
